
Microsoft Visual Studio Solution File, Format Version 12.00
# Visual Studio Version 17
VisualStudioVersion = 17.11.35312.102
MinimumVisualStudioVersion = 10.0.40219.1
Project("{9A19103F-16F7-4668-BE54-9A1E7A4F7556}") = "ShoppingList", "ShoppingList\ShoppingList.csproj", "{0FCF30EB-D969-41C1-B43E-4494DFE28768}"
EndProject
Global
	GlobalSection(SolutionConfigurationPlatforms) = preSolution
		Debug|Any CPU = Debug|Any CPU
		Release|Any CPU = Release|Any CPU
	EndGlobalSection
	GlobalSection(ProjectConfigurationPlatforms) = postSolution
		{0FCF30EB-D969-41C1-B43E-4494DFE28768}.Debug|Any CPU.ActiveCfg = Debug|Any CPU
		{0FCF30EB-D969-41C1-B43E-4494DFE28768}.Debug|Any CPU.Build.0 = Debug|Any CPU
		{0FCF30EB-D969-41C1-B43E-4494DFE28768}.Debug|Any CPU.Deploy.0 = Debug|Any CPU
		{0FCF30EB-D969-41C1-B43E-4494DFE28768}.Release|Any CPU.ActiveCfg = Release|Any CPU
		{0FCF30EB-D969-41C1-B43E-4494DFE28768}.Release|Any CPU.Build.0 = Release|Any CPU
		{0FCF30EB-D969-41C1-B43E-4494DFE28768}.Release|Any CPU.Deploy.0 = Release|Any CPU
	EndGlobalSection
	GlobalSection(SolutionProperties) = preSolution
		HideSolutionNode = FALSE
	EndGlobalSection
	GlobalSection(ExtensibilityGlobals) = postSolution
		SolutionGuid = {090F7DDA-1CB1-4DD9-81E4-98AD131D5B9A}
	EndGlobalSection
EndGlobal
